{
  "requires": true,
  "lockfileVersion": 1,
  "dependencies": {
    "todomvc-app-css": {
      "version": "2.2.0",
      "resolved": "https://registry.npm.taobao.org/todomvc-app-css/download/todomvc-app-css-2.2.0.tgz",
      "integrity": "sha1-b4SxXZ1ODPGGZ5SJ+yNgUMgi3hE="
    },
    "todomvc-common": {
      "version": "1.0.5",
      "resolved": "https://registry.npm.taobao.org/todomvc-common/download/todomvc-common-1.0.5.tgz",
      "integrity": "sha1-jD55msnx/BVz4MIE+YRRCCaRRzA="
    },
    "vue": {
      "version": "2.6.10",
      "resolved": "https://registry.npm.taobao.org/vue/download/vue-2.6.10.tgz",
      "integrity": "sha1-pysaQqTYKnIepDjRtr9V5mGVxjc="
    }
  }
}
